
Microsoft Visual Studio Solution File, Format Version 12.00
# Visual Studio Version 16
VisualStudioVersion = 16.0.29418.71
MinimumVisualStudioVersion = 10.0.40219.1
Project("{9A19103F-16F7-4668-BE54-9A1E7A4F7556}") = "CustomServiceDeskVer1", "CustomServiceDeskVer1\CustomServiceDeskVer1.csproj", "{BB12229B-4688-4FEC-BFD3-C20E714433E2}"
EndProject
Project("{FAE04EC0-301F-11D3-BF4B-00C04F79EFBC}") = "ServiceDesk.Domain", "ServiceDesk.Domain\ServiceDesk.Domain.csproj", "{03A5FD79-A199-4A7D-BB2E-9465A36FD559}"
EndProject
Project("{FAE04EC0-301F-11D3-BF4B-00C04F79EFBC}") = "ServiceDesk.Services.Abstract", "ServiceDesk.Services.Abstract\ServiceDesk.Services.Abstract.csproj", "{6D72BC1F-A301-4B26-907C-2A5464CAF366}"
EndProject
Project("{FAE04EC0-301F-11D3-BF4B-00C04F79EFBC}") = "ServiceDesk.Services", "ServiceDesk.Services\ServiceDesk.Services.csproj", "{BC499AA8-471C-4A43-8D1A-C5310FFA7862}"
EndProject
Project("{FAE04EC0-301F-11D3-BF4B-00C04F79EFBC}") = "ServiceDesk.DataAccess.Abstract", "ServiceDesk.DataAccess.Abstract\ServiceDesk.DataAccess.Abstract.csproj", "{F118BF01-AE9E-44D6-AA1F-0A40C8B31933}"
EndProject
Project("{FAE04EC0-301F-11D3-BF4B-00C04F79EFBC}") = "ServiceDesk.DataAccess", "ServiceDesk.DataAccess\ServiceDesk.DataAccess.csproj", "{51227E83-2B7B-4D47-9E99-C77F825E89C9}"
EndProject
Global
	GlobalSection(SolutionConfigurationPlatforms) = preSolution
		Debug|Any CPU = Debug|Any CPU
		Release|Any CPU = Release|Any CPU
	EndGlobalSection
	GlobalSection(ProjectConfigurationPlatforms) = postSolution
		{BB12229B-4688-4FEC-BFD3-C20E714433E2}.Debug|Any CPU.ActiveCfg = Debug|Any CPU
		{BB12229B-4688-4FEC-BFD3-C20E714433E2}.Debug|Any CPU.Build.0 = Debug|Any CPU
		{BB12229B-4688-4FEC-BFD3-C20E714433E2}.Release|Any CPU.ActiveCfg = Release|Any CPU
		{BB12229B-4688-4FEC-BFD3-C20E714433E2}.Release|Any CPU.Build.0 = Release|Any CPU
		{03A5FD79-A199-4A7D-BB2E-9465A36FD559}.Debug|Any CPU.ActiveCfg = Debug|Any CPU
		{03A5FD79-A199-4A7D-BB2E-9465A36FD559}.Debug|Any CPU.Build.0 = Debug|Any CPU
		{03A5FD79-A199-4A7D-BB2E-9465A36FD559}.Release|Any CPU.ActiveCfg = Release|Any CPU
		{03A5FD79-A199-4A7D-BB2E-9465A36FD559}.Release|Any CPU.Build.0 = Release|Any CPU
		{6D72BC1F-A301-4B26-907C-2A5464CAF366}.Debug|Any CPU.ActiveCfg = Debug|Any CPU
		{6D72BC1F-A301-4B26-907C-2A5464CAF366}.Debug|Any CPU.Build.0 = Debug|Any CPU
		{6D72BC1F-A301-4B26-907C-2A5464CAF366}.Release|Any CPU.ActiveCfg = Release|Any CPU
		{6D72BC1F-A301-4B26-907C-2A5464CAF366}.Release|Any CPU.Build.0 = Release|Any CPU
		{BC499AA8-471C-4A43-8D1A-C5310FFA7862}.Debug|Any CPU.ActiveCfg = Debug|Any CPU
		{BC499AA8-471C-4A43-8D1A-C5310FFA7862}.Debug|Any CPU.Build.0 = Debug|Any CPU
		{BC499AA8-471C-4A43-8D1A-C5310FFA7862}.Release|Any CPU.ActiveCfg = Release|Any CPU
		{BC499AA8-471C-4A43-8D1A-C5310FFA7862}.Release|Any CPU.Build.0 = Release|Any CPU
		{F118BF01-AE9E-44D6-AA1F-0A40C8B31933}.Debug|Any CPU.ActiveCfg = Debug|Any CPU
		{F118BF01-AE9E-44D6-AA1F-0A40C8B31933}.Debug|Any CPU.Build.0 = Debug|Any CPU
		{F118BF01-AE9E-44D6-AA1F-0A40C8B31933}.Release|Any CPU.ActiveCfg = Release|Any CPU
		{F118BF01-AE9E-44D6-AA1F-0A40C8B31933}.Release|Any CPU.Build.0 = Release|Any CPU
		{51227E83-2B7B-4D47-9E99-C77F825E89C9}.Debug|Any CPU.ActiveCfg = Debug|Any CPU
		{51227E83-2B7B-4D47-9E99-C77F825E89C9}.Debug|Any CPU.Build.0 = Debug|Any CPU
		{51227E83-2B7B-4D47-9E99-C77F825E89C9}.Release|Any CPU.ActiveCfg = Release|Any CPU
		{51227E83-2B7B-4D47-9E99-C77F825E89C9}.Release|Any CPU.Build.0 = Release|Any CPU
	EndGlobalSection
	GlobalSection(SolutionProperties) = preSolution
		HideSolutionNode = FALSE
	EndGlobalSection
	GlobalSection(ExtensibilityGlobals) = postSolution
		SolutionGuid = {4448E44C-F74C-4FE6-9449-E8118CDB6A2C}
	EndGlobalSection
EndGlobal
